
Microsoft Visual Studio Solution File, Format Version 12.00
# Visual Studio Version 16
VisualStudioVersion = 16.0.31515.178
MinimumVisualStudioVersion = 10.0.40219.1
Project("{FAE04EC0-301F-11D3-BF4B-00C04F79EFBC}") = "Csharp_Lecture85_Hashmap", "Csharp_Lecture85_Hashmap\Csharp_Lecture85_Hashmap.csproj", "{2296CC77-6FE6-4CDF-A84F-C3D3E0981AA2}"
EndProject
Global
	GlobalSection(SolutionConfigurationPlatforms) = preSolution
		Debug|Any CPU = Debug|Any CPU
		Release|Any CPU = Release|Any CPU
	EndGlobalSection
	GlobalSection(ProjectConfigurationPlatforms) = postSolution
		{2296CC77-6FE6-4CDF-A84F-C3D3E0981AA2}.Debug|Any CPU.ActiveCfg = Debug|Any CPU
		{2296CC77-6FE6-4CDF-A84F-C3D3E0981AA2}.Debug|Any CPU.Build.0 = Debug|Any CPU
		{2296CC77-6FE6-4CDF-A84F-C3D3E0981AA2}.Release|Any CPU.ActiveCfg = Release|Any CPU
		{2296CC77-6FE6-4CDF-A84F-C3D3E0981AA2}.Release|Any CPU.Build.0 = Release|Any CPU
	EndGlobalSection
	GlobalSection(SolutionProperties) = preSolution
		HideSolutionNode = FALSE
	EndGlobalSection
	GlobalSection(ExtensibilityGlobals) = postSolution
		SolutionGuid = {94FFADF3-8A28-4874-B386-88674D8D6300}
	EndGlobalSection
EndGlobal
